
Microsoft Visual Studio Solution File, Format Version 12.00
# Visual Studio Version 16
VisualStudioVersion = 16.0.30128.74
MinimumVisualStudioVersion = 10.0.40219.1
Project("{9A19103F-16F7-4668-BE54-9A1E7A4F7556}") = "RearTools", "RearTools\RearTools.csproj", "{A9101A96-48B4-450C-B7B9-783CBA7459C3}"
EndProject
Project("{9A19103F-16F7-4668-BE54-9A1E7A4F7556}") = "Utility", "Utility\Utility.csproj", "{5B188C93-23EC-438C-B6F1-8DA804CDE764}"
EndProject
Global
	GlobalSection(SolutionConfigurationPlatforms) = preSolution
		Debug|Any CPU = Debug|Any CPU
		Release|Any CPU = Release|Any CPU
	EndGlobalSection
	GlobalSection(ProjectConfigurationPlatforms) = postSolution
		{A9101A96-48B4-450C-B7B9-783CBA7459C3}.Debug|Any CPU.ActiveCfg = Debug|Any CPU
		{A9101A96-48B4-450C-B7B9-783CBA7459C3}.Debug|Any CPU.Build.0 = Debug|Any CPU
		{A9101A96-48B4-450C-B7B9-783CBA7459C3}.Release|Any CPU.ActiveCfg = Release|Any CPU
		{A9101A96-48B4-450C-B7B9-783CBA7459C3}.Release|Any CPU.Build.0 = Release|Any CPU
		{5B188C93-23EC-438C-B6F1-8DA804CDE764}.Debug|Any CPU.ActiveCfg = Debug|Any CPU
		{5B188C93-23EC-438C-B6F1-8DA804CDE764}.Debug|Any CPU.Build.0 = Debug|Any CPU
		{5B188C93-23EC-438C-B6F1-8DA804CDE764}.Release|Any CPU.ActiveCfg = Release|Any CPU
		{5B188C93-23EC-438C-B6F1-8DA804CDE764}.Release|Any CPU.Build.0 = Release|Any CPU
	EndGlobalSection
	GlobalSection(SolutionProperties) = preSolution
		HideSolutionNode = FALSE
	EndGlobalSection
	GlobalSection(ExtensibilityGlobals) = postSolution
		SolutionGuid = {BCD0C781-D21B-41B5-85BC-0CE692AA3DA7}
	EndGlobalSection
EndGlobal
